github.com/codomatech/spluggy v0.0.0-20201012170228-ae9a2945c045 h1:mMj+gENVeOM9/qO6PqGOpS7DBMvQOxY/uuNqgGZtJ7c=
github.com/codomatech/spluggy v0.0.0-20201012170228-ae9a2945c045/go.mod h1:dstif34yo5NhL6S9q65sn25iH1hnPz6jpiCDQYLydwQ=
github.com/davecgh/go-spew v1.1.0/go.mod h1:J7Y8YcW2NihsgmVo/mv3lAwl/skON4iLHjSsI+c5H38=
github.com/pmezard/go-difflib v1.0.0/go.mod h1:iKH77koFhYxTK1pcRnkKkqfTogsbg7gZNVY4sRDYZ/4=
github.com/stretchr/objx v0.1.0/go.mod h1:HFkY916IF+rwdDfMAkV7OtwuqBVzrE8GR6GFx+wExME=
github.com/stretchr/testify v1.3.0/go.mod h1:M5WIy9Dh21IEIfnGCwXGc5bZfKNJtfHm1UVUgZn+9EI=
